
Microsoft Visual Studio Solution File, Format Version 12.00
# Visual Studio Version 17
VisualStudioVersion = 17.9.34728.123
MinimumVisualStudioVersion = 10.0.40219.1
Project("{FAE04EC0-301F-11D3-BF4B-00C04F79EFBC}") = "TasKagitMakas", "TasKagitMakas\TasKagitMakas.csproj", "{E4B144BF-4917-4B5C-B59A-59AC0C708650}"
EndProject
Global
	GlobalSection(SolutionConfigurationPlatforms) = preSolution
		Debug|Any CPU = Debug|Any CPU
		Release|Any CPU = Release|Any CPU
	EndGlobalSection
	GlobalSection(ProjectConfigurationPlatforms) = postSolution
		{E4B144BF-4917-4B5C-B59A-59AC0C708650}.Debug|Any CPU.ActiveCfg = Debug|Any CPU
		{E4B144BF-4917-4B5C-B59A-59AC0C708650}.Debug|Any CPU.Build.0 = Debug|Any CPU
		{E4B144BF-4917-4B5C-B59A-59AC0C708650}.Release|Any CPU.ActiveCfg = Release|Any CPU
		{E4B144BF-4917-4B5C-B59A-59AC0C708650}.Release|Any CPU.Build.0 = Release|Any CPU
	EndGlobalSection
	GlobalSection(SolutionProperties) = preSolution
		HideSolutionNode = FALSE
	EndGlobalSection
	GlobalSection(ExtensibilityGlobals) = postSolution
		SolutionGuid = {EEFF4805-F46F-47C8-8881-DDC69DB9EC7D}
	EndGlobalSection
EndGlobal
